
Microsoft Visual Studio Solution File, Format Version 12.00
# Visual Studio Version 17
VisualStudioVersion = 17.3.32825.248
MinimumVisualStudioVersion = 10.0.40219.1
Project("{9A19103F-16F7-4668-BE54-9A1E7A4F7556}") = "OpenFolder", "OpenFolder\OpenFolder.csproj", "{A431B441-0B34-4D94-9CE0-3FCD414A0DCF}"
EndProject
Project("{2150E333-8FDC-42A3-9474-1A3956D46DE8}") = "Solution Items", "Solution Items", "{BD1DFDB0-4C2D-40E8-8576-0CF96CBEDDD3}"
	ProjectSection(SolutionItems) = preProject
		LICENSE = LICENSE
		README.md = README.md
	EndProjectSection
EndProject
Global
	GlobalSection(SolutionConfigurationPlatforms) = preSolution
		Debug|Any CPU = Debug|Any CPU
		Release|Any CPU = Release|Any CPU
	EndGlobalSection
	GlobalSection(ProjectConfigurationPlatforms) = postSolution
		{A431B441-0B34-4D94-9CE0-3FCD414A0DCF}.Debug|Any CPU.ActiveCfg = Debug|Any CPU
		{A431B441-0B34-4D94-9CE0-3FCD414A0DCF}.Debug|Any CPU.Build.0 = Debug|Any CPU
		{A431B441-0B34-4D94-9CE0-3FCD414A0DCF}.Release|Any CPU.ActiveCfg = Release|Any CPU
		{A431B441-0B34-4D94-9CE0-3FCD414A0DCF}.Release|Any CPU.Build.0 = Release|Any CPU
	EndGlobalSection
	GlobalSection(SolutionProperties) = preSolution
		HideSolutionNode = FALSE
	EndGlobalSection
	GlobalSection(ExtensibilityGlobals) = postSolution
		SolutionGuid = {227BE6FE-0EA4-4883-A1DD-CBA72CD44D96}
	EndGlobalSection
EndGlobal
